
Microsoft Visual Studio Solution File, Format Version 12.00
# Visual Studio Version 17
VisualStudioVersion = 17.8.34322.80
MinimumVisualStudioVersion = 10.0.40219.1
Project("{FAE04EC0-301F-11D3-BF4B-00C04F79EFBC}") = "ProcessText", "ProcessText\ProcessText.csproj", "{B20B258F-9647-497A-8567-D95A223429F2}"
EndProject
Global
	GlobalSection(SolutionConfigurationPlatforms) = preSolution
		Debug|Any CPU = Debug|Any CPU
		Release|Any CPU = Release|Any CPU
	EndGlobalSection
	GlobalSection(ProjectConfigurationPlatforms) = postSolution
		{B20B258F-9647-497A-8567-D95A223429F2}.Debug|Any CPU.ActiveCfg = Debug|Any CPU
		{B20B258F-9647-497A-8567-D95A223429F2}.Debug|Any CPU.Build.0 = Debug|Any CPU
		{B20B258F-9647-497A-8567-D95A223429F2}.Release|Any CPU.ActiveCfg = Release|Any CPU
		{B20B258F-9647-497A-8567-D95A223429F2}.Release|Any CPU.Build.0 = Release|Any CPU
	EndGlobalSection
	GlobalSection(SolutionProperties) = preSolution
		HideSolutionNode = FALSE
	EndGlobalSection
	GlobalSection(ExtensibilityGlobals) = postSolution
		SolutionGuid = {B1CC35F3-40B6-49CF-B9C6-C41474D456C1}
	EndGlobalSection
EndGlobal
